
Microsoft Visual Studio Solution File, Format Version 12.00
Project("{FAE04EC0-301F-11D3-BF4B-00C04F79EFBC}") = "Klinika", "Klinika\Klinika.csproj", "{035283F6-71E3-4287-BCD1-88CBFB1992C3}"
EndProject
Global
	GlobalSection(SolutionConfigurationPlatforms) = preSolution
		Debug|Any CPU = Debug|Any CPU
		Release|Any CPU = Release|Any CPU
	EndGlobalSection
	GlobalSection(ProjectConfigurationPlatforms) = postSolution
		{035283F6-71E3-4287-BCD1-88CBFB1992C3}.Debug|Any CPU.ActiveCfg = Debug|Any CPU
		{035283F6-71E3-4287-BCD1-88CBFB1992C3}.Debug|Any CPU.Build.0 = Debug|Any CPU
		{035283F6-71E3-4287-BCD1-88CBFB1992C3}.Release|Any CPU.ActiveCfg = Release|Any CPU
		{035283F6-71E3-4287-BCD1-88CBFB1992C3}.Release|Any CPU.Build.0 = Release|Any CPU
	EndGlobalSection
EndGlobal
